// !$*UTF8*$!
{
	archiveVersion = 1;
	classes = {
	};
	objectVersion = 55;
	objects = {

/* Begin PBXBuildFile section */
		C94657D42860B1E200B85951 /* AppDelegate.swift in Sources */ = {isa = PBXBuildFile; fileRef = C94657D32860B1E200B85951 /* AppDelegate.swift */; };
		C94657D62860B1E200B85951 /* SceneDelegate.swift in Sources */ = {isa = PBXBuildFile; fileRef = C94657D52860B1E200B85951 /* SceneDelegate.swift */; };
		C94657DB2860B1E200B85951 /* Main.storyboard in Resources */ = {isa = PBXBuildFile; fileRef = C94657D92860B1E200B85951 /* Main.storyboard */; };
		C94657DD2860B1E300B85951 /* Assets.xcassets in Resources */ = {isa = PBXBuildFile; fileRef = C94657DC2860B1E300B85951 /* Assets.xcassets */; };
		C94657E02860B1E300B85951 /* LaunchScreen.storyboard in Resources */ = {isa = PBXBuildFile; fileRef = C94657DE2860B1E300B85951 /* LaunchScreen.storyboard */; };
		C94657E82860B21500B85951 /* CameraController.swift in Sources */ = {isa = PBXBuildFile; fileRef = C94657E72860B21500B85951 /* CameraController.swift */; };
		C94657EA2860B26500B85951 /* Extension.swift in Sources */ = {isa = PBXBuildFile; fileRef = C94657E92860B26500B85951 /* Extension.swift */; };
		C94657EE2860B36100B85951 /* EffectVC.swift in Sources */ = {isa = PBXBuildFile; fileRef = C94657ED2860B36100B85951 /* EffectVC.swift */; };
		C94657F22860B3F300B85951 /* ButtonEffect.swift in Sources */ = {isa = PBXBuildFile; fileRef = C94657F12860B3F300B85951 /* ButtonEffect.swift */; };
		C94657F42860B42600B85951 /* LabelEffect.swift in Sources */ = {isa = PBXBuildFile; fileRef = C94657F32860B42600B85951 /* LabelEffect.swift */; };
		C94657F62860B60700B85951 /* AuxiliaryButton.swift in Sources */ = {isa = PBXBuildFile; fileRef = C94657F52860B60700B85951 /* AuxiliaryButton.swift */; };
		C94657F82860CCDC00B85951 /* Protocol.swift in Sources */ = {isa = PBXBuildFile; fileRef = C94657F72860CCDC00B85951 /* Protocol.swift */; };
		C94657FB2860CFF600B85951 /* CellEffect.swift in Sources */ = {isa = PBXBuildFile; fileRef = C94657FA2860CFF600B85951 /* CellEffect.swift */; };
		C94657FD2860D32200B85951 /* CollectionCellEffect.swift in Sources */ = {isa = PBXBuildFile; fileRef = C94657FC2860D32200B85951 /* CollectionCellEffect.swift */; };
		C94657FF2860D7A400B85951 /* LightLVC.swift in Sources */ = {isa = PBXBuildFile; fileRef = C94657FE2860D7A400B85951 /* LightLVC.swift */; };
		C94658012860DEB400B85951 /* TextureVC.swift in Sources */ = {isa = PBXBuildFile; fileRef = C94658002860DEB400B85951 /* TextureVC.swift */; };
		C94658032860DFD300B85951 /* DateButton.swift in Sources */ = {isa = PBXBuildFile; fileRef = C94658022860DFD300B85951 /* DateButton.swift */; };
		C94658052860DFFD00B85951 /* DateLabel.swift in Sources */ = {isa = PBXBuildFile; fileRef = C94658042860DFFD00B85951 /* DateLabel.swift */; };
		C94658072860E02D00B85951 /* DateVC.swift in Sources */ = {isa = PBXBuildFile; fileRef = C94658062860E02D00B85951 /* DateVC.swift */; };
		C94658092860E1BA00B85951 /* DatePickerVC.swift in Sources */ = {isa = PBXBuildFile; fileRef = C94658082860E1BA00B85951 /* DatePickerVC.swift */; };
/* End PBXBuildFile section */

/* Begin PBXFileReference section */
		C94657D02860B1E200B85951 /* TestCamera.app */ = {isa = PBXFileReference; explicitFileType = wrapper.application; includeInIndex = 0; path = TestCamera.app; sourceTree = BUILT_PRODUCTS_DIR; };
		C94657D32860B1E200B85951 /* AppDelegate.swift */ = {isa = PBXFileReference; lastKnownFileType = sourcecode.swift; path = AppDelegate.swift; sourceTree = "<group>"; };
		C94657D52860B1E200B85951 /* SceneDelegate.swift */ = {isa = PBXFileReference; lastKnownFileType = sourcecode.swift; path = SceneDelegate.swift; sourceTree = "<group>"; };
		C94657DA2860B1E200B85951 /* Base */ = {isa = PBXFileReference; lastKnownFileType = file.storyboard; name = Base; path = Base.lproj/Main.storyboard; sourceTree = "<group>"; };
		C94657DC2860B1E300B85951 /* Assets.xcassets */ = {isa = PBXFileReference; lastKnownFileType = folder.assetcatalog; path = Assets.xcassets; sourceTree = "<group>"; };
		C94657DF2860B1E300B85951 /* Base */ = {isa = PBXFileReference; lastKnownFileType = file.storyboard; name = Base; path = Base.lproj/LaunchScreen.storyboard; sourceTree = "<group>"; };
		C94657E12860B1E300B85951 /* Info.plist */ = {isa = PBXFileReference; lastKnownFileType = text.plist.xml; path = Info.plist; sourceTree = "<group>"; };
		C94657E72860B21500B85951 /* CameraController.swift */ = {isa = PBXFileReference; lastKnownFileType = sourcecode.swift; path = CameraController.swift; sourceTree = "<group>"; };
		C94657E92860B26500B85951 /* Extension.swift */ = {isa = PBXFileReference; lastKnownFileType = sourcecode.swift; path = Extension.swift; sourceTree = "<group>"; };
		C94657ED2860B36100B85951 /* EffectVC.swift */ = {isa = PBXFileReference; lastKnownFileType = sourcecode.swift; path = EffectVC.swift; sourceTree = "<group>"; };
		C94657F12860B3F300B85951 /* ButtonEffect.swift */ = {isa = PBXFileReference; lastKnownFileType = sourcecode.swift; path = ButtonEffect.swift; sourceTree = "<group>"; };
		C94657F32860B42600B85951 /* LabelEffect.swift */ = {isa = PBXFileReference; lastKnownFileType = sourcecode.swift; path = LabelEffect.swift; sourceTree = "<group>"; };
		C94657F52860B60700B85951 /* AuxiliaryButton.swift */ = {isa = PBXFileReference; lastKnownFileType = sourcecode.swift; path = AuxiliaryButton.swift; sourceTree = "<group>"; };
		C94657F72860CCDC00B85951 /* Protocol.swift */ = {isa = PBXFileReference; lastKnownFileType = sourcecode.swift; path = Protocol.swift; sourceTree = "<group>"; };
		C94657FA2860CFF600B85951 /* CellEffect.swift */ = {isa = PBXFileReference; lastKnownFileType = sourcecode.swift; path = CellEffect.swift; sourceTree = "<group>"; };
		C94657FC2860D32200B85951 /* CollectionCellEffect.swift */ = {isa = PBXFileReference; lastKnownFileType = sourcecode.swift; path = CollectionCellEffect.swift; sourceTree = "<group>"; };
		C94657FE2860D7A400B85951 /* LightLVC.swift */ = {isa = PBXFileReference; lastKnownFileType = sourcecode.swift; path = LightLVC.swift; sourceTree = "<group>"; };
		C94658002860DEB400B85951 /* TextureVC.swift */ = {isa = PBXFileReference; lastKnownFileType = sourcecode.swift; path = TextureVC.swift; sourceTree = "<group>"; };
		C94658022860DFD300B85951 /* DateButton.swift */ = {isa = PBXFileReference; lastKnownFileType = sourcecode.swift; path = DateButton.swift; sourceTree = "<group>"; };
		C94658042860DFFD00B85951 /* DateLabel.swift */ = {isa = PBXFileReference; lastKnownFileType = sourcecode.swift; path = DateLabel.swift; sourceTree = "<group>"; };
		C94658062860E02D00B85951 /* DateVC.swift */ = {isa = PBXFileReference; lastKnownFileType = sourcecode.swift; path = DateVC.swift; sourceTree = "<group>"; };
		C94658082860E1BA00B85951 /* DatePickerVC.swift */ = {isa = PBXFileReference; lastKnownFileType = sourcecode.swift; path = DatePickerVC.swift; sourceTree = "<group>"; };
/* End PBXFileReference section */

/* Begin PBXFrameworksBuildPhase section */
		C94657CD2860B1E200B85951 /* Frameworks */ = {
			isa = PBXFrameworksBuildPhase;
			buildActionMask = 2147483647;
			files = (
			);
			runOnlyForDeploymentPostprocessing = 0;
		};
/* End PBXFrameworksBuildPhase section */

/* Begin PBXGroup section */
		C94657C72860B1E200B85951 = {
			isa = PBXGroup;
			children = (
				C94657D22860B1E200B85951 /* TestCamera */,
				C94657D12860B1E200B85951 /* Products */,
			);
			sourceTree = "<group>";
		};
		C94657D12860B1E200B85951 /* Products */ = {
			isa = PBXGroup;
			children = (
				C94657D02860B1E200B85951 /* TestCamera.app */,
			);
			name = Products;
			sourceTree = "<group>";
		};
		C94657D22860B1E200B85951 /* TestCamera */ = {
			isa = PBXGroup;
			children = (
				C94657D32860B1E200B85951 /* AppDelegate.swift */,
				C94657D52860B1E200B85951 /* SceneDelegate.swift */,
				C94657F92860CFD800B85951 /* Model */,
				C94657F02860B3CB00B85951 /* View */,
				C94657EF2860B39C00B85951 /* Controller */,
				C94657E92860B26500B85951 /* Extension.swift */,
				C94657F72860CCDC00B85951 /* Protocol.swift */,
				C94657D92860B1E200B85951 /* Main.storyboard */,
				C94657DC2860B1E300B85951 /* Assets.xcassets */,
				C94657DE2860B1E300B85951 /* LaunchScreen.storyboard */,
				C94657E12860B1E300B85951 /* Info.plist */,
			);
			path = TestCamera;
			sourceTree = "<group>";
		};
		C94657EF2860B39C00B85951 /* Controller */ = {
			isa = PBXGroup;
			children = (
				C94657E72860B21500B85951 /* CameraController.swift */,
				C94657ED2860B36100B85951 /* EffectVC.swift */,
				C94657FE2860D7A400B85951 /* LightLVC.swift */,
				C94658002860DEB400B85951 /* TextureVC.swift */,
				C94658062860E02D00B85951 /* DateVC.swift */,
				C94658082860E1BA00B85951 /* DatePickerVC.swift */,
			);
			path = Controller;
			sourceTree = "<group>";
		};
		C94657F02860B3CB00B85951 /* View */ = {
			isa = PBXGroup;
			children = (
				C94657F12860B3F300B85951 /* ButtonEffect.swift */,
				C94657F32860B42600B85951 /* LabelEffect.swift */,
				C94657F52860B60700B85951 /* AuxiliaryButton.swift */,
				C94657FC2860D32200B85951 /* CollectionCellEffect.swift */,
				C94658022860DFD300B85951 /* DateButton.swift */,
				C94658042860DFFD00B85951 /* DateLabel.swift */,
			);
			path = View;
			sourceTree = "<group>";
		};
		C94657F92860CFD800B85951 /* Model */ = {
			isa = PBXGroup;
			children = (
				C94657FA2860CFF600B85951 /* CellEffect.swift */,
			);
			path = Model;
			sourceTree = "<group>";
		};
/* End PBXGroup section */

/* Begin PBXNativeTarget section */
		C94657CF2860B1E200B85951 /* TestCamera */ = {
			isa = PBXNativeTarget;
			buildConfigurationList = C94657E42860B1E300B85951 /* Build configuration list for PBXNativeTarget "TestCamera" */;
			buildPhases = (
				C94657CC2860B1E200B85951 /* Sources */,
				C94657CD2860B1E200B85951 /* Frameworks */,
				C94657CE2860B1E200B85951 /* Resources */,
			);
			buildRules = (
			);
			dependencies = (
			);
			name = TestCamera;
			productName = TestCamera;
			productReference = C94657D02860B1E200B85951 /* TestCamera.app */;
			productType = "com.apple.product-type.application";
		};
/* End PBXNativeTarget section */

/* Begin PBXProject section */
		C94657C82860B1E200B85951 /* Project object */ = {
			isa = PBXProject;
			attributes = {
				BuildIndependentTargetsInParallel = 1;
				LastSwiftUpdateCheck = 1340;
				LastUpgradeCheck = 1340;
				TargetAttributes = {
					C94657CF2860B1E200B85951 = {
						CreatedOnToolsVersion = 13.4.1;
					};
				};
			};
			buildConfigurationList = C94657CB2860B1E200B85951 /* Build configuration list for PBXProject "TestCamera" */;
			compatibilityVersion = "Xcode 13.0";
			developmentRegion = en;
			hasScannedForEncodings = 0;
			knownRegions = (
				en,
				Base,
			);
			mainGroup = C94657C72860B1E200B85951;
			productRefGroup = C94657D12860B1E200B85951 /* Products */;
			projectDirPath = "";
			projectRoot = "";
			targets = (
				C94657CF2860B1E200B85951 /* TestCamera */,
			);
		};
/* End PBXProject section */

/* Begin PBXResourcesBuildPhase section */
		C94657CE2860B1E200B85951 /* Resources */ = {
			isa = PBXResourcesBuildPhase;
			buildActionMask = 2147483647;
			files = (
				C94657E02860B1E300B85951 /* LaunchScreen.storyboard in Resources */,
				C94657DD2860B1E300B85951 /* Assets.xcassets in Resources */,
				C94657DB2860B1E200B85951 /* Main.storyboard in Resources */,
			);
			runOnlyForDeploymentPostprocessing = 0;
		};
/* End PBXResourcesBuildPhase section */

/* Begin PBXSourcesBuildPhase section */
		C94657CC2860B1E200B85951 /* Sources */ = {
			isa = PBXSourcesBuildPhase;
			buildActionMask = 2147483647;
			files = (
				C94658052860DFFD00B85951 /* DateLabel.swift in Sources */,
				C94657E82860B21500B85951 /* CameraController.swift in Sources */,
				C94658032860DFD300B85951 /* DateButton.swift in Sources */,
				C94657EE2860B36100B85951 /* EffectVC.swift in Sources */,
				C94657FB2860CFF600B85951 /* CellEffect.swift in Sources */,
				C94657D42860B1E200B85951 /* AppDelegate.swift in Sources */,
				C94657D62860B1E200B85951 /* SceneDelegate.swift in Sources */,
				C94657F62860B60700B85951 /* AuxiliaryButton.swift in Sources */,
				C94657FD2860D32200B85951 /* CollectionCellEffect.swift in Sources */,
				C94657F82860CCDC00B85951 /* Protocol.swift in Sources */,
				C94657F42860B42600B85951 /* LabelEffect.swift in Sources */,
				C94657F22860B3F300B85951 /* ButtonEffect.swift in Sources */,
				C94657FF2860D7A400B85951 /* LightLVC.swift in Sources */,
				C94657EA2860B26500B85951 /* Extension.swift in Sources */,
				C94658072860E02D00B85951 /* DateVC.swift in Sources */,
				C94658012860DEB400B85951 /* TextureVC.swift in Sources */,
				C94658092860E1BA00B85951 /* DatePickerVC.swift in Sources */,
			);
			runOnlyForDeploymentPostprocessing = 0;
		};
/* End PBXSourcesBuildPhase section */

/* Begin PBXVariantGroup section */
		C94657D92860B1E200B85951 /* Main.storyboard */ = {
			isa = PBXVariantGroup;
			children = (
				C94657DA2860B1E200B85951 /* Base */,
			);
			name = Main.storyboard;
			sourceTree = "<group>";
		};
		C94657DE2860B1E300B85951 /* LaunchScreen.storyboard */ = {
			isa = PBXVariantGroup;
			children = (
				C94657DF2860B1E300B85951 /* Base */,
			);
			name = LaunchScreen.storyboard;
			sourceTree = "<group>";
		};
/* End PBXVariantGroup section */

/* Begin XCBuildConfiguration section */
		C94657E22860B1E300B85951 /* Debug */ = {
			isa = XCBuildConfiguration;
			buildSettings = {
				ALWAYS_SEARCH_USER_PATHS = NO;
				CLANG_ANALYZER_NONNULL = YES;
				CLANG_ANALYZER_NUMBER_OBJECT_CONVERSION = YES_AGGRESSIVE;
				CLANG_CXX_LANGUAGE_STANDARD = "gnu++17";
				CLANG_ENABLE_MODULES = YES;
				CLANG_ENABLE_OBJC_ARC = YES;
				CLANG_ENABLE_OBJC_WEAK = YES;
				CLANG_WARN_BLOCK_CAPTURE_AUTORELEASING = YES;
				CLANG_WARN_BOOL_CONVERSION = YES;
				CLANG_WARN_COMMA = YES;
				CLANG_WARN_CONSTANT_CONVERSION = YES;
				CLANG_WARN_DEPRECATED_OBJC_IMPLEMENTATIONS = YES;
				CLANG_WARN_DIRECT_OBJC_ISA_USAGE = YES_ERROR;
				CLANG_WARN_DOCUMENTATION_COMMENTS = YES;
				CLANG_WARN_EMPTY_BODY = YES;
				CLANG_WARN_ENUM_CONVERSION = YES;
				CLANG_WARN_INFINITE_RECURSION = YES;
				CLANG_WARN_INT_CONVERSION = YES;
				CLANG_WARN_NON_LITERAL_NULL_CONVERSION = YES;
				CLANG_WARN_OBJC_IMPLICIT_RETAIN_SELF = YES;
				CLANG_WARN_OBJC_LITERAL_CONVERSION = YES;
				CLANG_WARN_OBJC_ROOT_CLASS = YES_ERROR;
				CLANG_WARN_QUOTED_INCLUDE_IN_FRAMEWORK_HEADER = YES;
				CLANG_WARN_RANGE_LOOP_ANALYSIS = YES;
				CLANG_WARN_STRICT_PROTOTYPES = YES;
				CLANG_WARN_SUSPICIOUS_MOVE = YES;
				CLANG_WARN_UNGUARDED_AVAILABILITY = YES_AGGRESSIVE;
				CLANG_WARN_UNREACHABLE_CODE = YES;
				CLANG_WARN__DUPLICATE_METHOD_MATCH = YES;
				COPY_PHASE_STRIP = NO;
				DEBUG_INFORMATION_FORMAT = dwarf;
				ENABLE_STRICT_OBJC_MSGSEND = YES;
				ENABLE_TESTABILITY = YES;
				GCC_C_LANGUAGE_STANDARD = gnu11;
				GCC_DYNAMIC_NO_PIC = NO;
				GCC_NO_COMMON_BLOCKS = YES;
				GCC_OPTIMIZATION_LEVEL = 0;
				GCC_PREPROCESSOR_DEFINITIONS = (
					"DEBUG=1",
					"$(inherited)",
				);
				GCC_WARN_64_TO_32_BIT_CONVERSION = YES;
				GCC_WARN_ABOUT_RETURN_TYPE = YES_ERROR;
				GCC_WARN_UNDECLARED_SELECTOR = YES;
				GCC_WARN_UNINITIALIZED_AUTOS = YES_AGGRESSIVE;
				GCC_WARN_UNUSED_FUNCTION = YES;
				GCC_WARN_UNUSED_VARIABLE = YES;
				IPHONEOS_DEPLOYMENT_TARGET = 15.5;
				MTL_ENABLE_DEBUG_INFO = INCLUDE_SOURCE;
				MTL_FAST_MATH = YES;
				ONLY_ACTIVE_ARCH = YES;
				SDKROOT = iphoneos;
				SWIFT_ACTIVE_COMPILATION_CONDITIONS = DEBUG;
				SWIFT_OPTIMIZATION_LEVEL = "-Onone";
			};
			name = Debug;
		};
		C94657E32860B1E300B85951 /* Release */ = {
			isa = XCBuildConfiguration;
			buildSettings = {
				ALWAYS_SEARCH_USER_PATHS = NO;
				CLANG_ANALYZER_NONNULL = YES;
				CLANG_ANALYZER_NUMBER_OBJECT_CONVERSION = YES_AGGRESSIVE;
				CLANG_CXX_LANGUAGE_STANDARD = "gnu++17";
				CLANG_ENABLE_MODULES = YES;
				CLANG_ENABLE_OBJC_ARC = YES;
				CLANG_ENABLE_OBJC_WEAK = YES;
				CLANG_WARN_BLOCK_CAPTURE_AUTORELEASING = YES;
				CLANG_WARN_BOOL_CONVERSION = YES;
				CLANG_WARN_COMMA = YES;
				CLANG_WARN_CONSTANT_CONVERSION = YES;
				CLANG_WARN_DEPRECATED_OBJC_IMPLEMENTATIONS = YES;
				CLANG_WARN_DIRECT_OBJC_ISA_USAGE = YES_ERROR;
				CLANG_WARN_DOCUMENTATION_COMMENTS = YES;
				CLANG_WARN_EMPTY_BODY = YES;
				CLANG_WARN_ENUM_CONVERSION = YES;
				CLANG_WARN_INFINITE_RECURSION = YES;
				CLANG_WARN_INT_CONVERSION = YES;
				CLANG_WARN_NON_LITERAL_NULL_CONVERSION = YES;
				CLANG_WARN_OBJC_IMPLICIT_RETAIN_SELF = YES;
				CLANG_WARN_OBJC_LITERAL_CONVERSION = YES;
				CLANG_WARN_OBJC_ROOT_CLASS = YES_ERROR;
				CLANG_WARN_QUOTED_INCLUDE_IN_FRAMEWORK_HEADER = YES;
				CLANG_WARN_RANGE_LOOP_ANALYSIS = YES;
				CLANG_WARN_STRICT_PROTOTYPES = YES;
				CLANG_WARN_SUSPICIOUS_MOVE = YES;
				CLANG_WARN_UNGUARDED_AVAILABILITY = YES_AGGRESSIVE;
				CLANG_WARN_UNREACHABLE_CODE = YES;
				CLANG_WARN__DUPLICATE_METHOD_MATCH = YES;
				COPY_PHASE_STRIP = NO;
				DEBUG_INFORMATION_FORMAT = "dwarf-with-dsym";
				ENABLE_NS_ASSERTIONS = NO;
				ENABLE_STRICT_OBJC_MSGSEND = YES;
				GCC_C_LANGUAGE_STANDARD = gnu11;
				GCC_NO_COMMON_BLOCKS = YES;
				GCC_WARN_64_TO_32_BIT_CONVERSION = YES;
				GCC_WARN_ABOUT_RETURN_TYPE = YES_ERROR;
				GCC_WARN_UNDECLARED_SELECTOR = YES;
				GCC_WARN_UNINITIALIZED_AUTOS = YES_AGGRESSIVE;
				GCC_WARN_UNUSED_FUNCTION = YES;
				GCC_WARN_UNUSED_VARIABLE = YES;
				IPHONEOS_DEPLOYMENT_TARGET = 15.5;
				MTL_ENABLE_DEBUG_INFO = NO;
				MTL_FAST_MATH = YES;
				SDKROOT = iphoneos;
				SWIFT_COMPILATION_MODE = wholemodule;
				SWIFT_OPTIMIZATION_LEVEL = "-O";
				VALIDATE_PRODUCT = YES;
			};
			name = Release;
		};
		C94657E52860B1E300B85951 /* Debug */ = {
			isa = XCBuildConfiguration;
			buildSettings = {
				ASSETCATALOG_COMPILER_APPICON_NAME = AppIcon;
				ASSETCATALOG_COMPILER_GLOBAL_ACCENT_COLOR_NAME = AccentColor;
				CODE_SIGN_STYLE = Automatic;
				CURRENT_PROJECT_VERSION = 1;
				DEVELOPMENT_TEAM = 3TY5U73KTT;
				GENERATE_INFOPLIST_FILE = YES;
				INFOPLIST_FILE = TestCamera/Info.plist;
				INFOPLIST_KEY_UIApplicationSupportsIndirectInputEvents = YES;
				INFOPLIST_KEY_UILaunchStoryboardName = LaunchScreen;
				INFOPLIST_KEY_UIMainStoryboardFile = Main;
				INFOPLIST_KEY_UISupportedInterfaceOrientations = UIInterfaceOrientationPortrait;
				INFOPLIST_KEY_UISupportedInterfaceOrientations_iPad = "UIInterfaceOrientationPortrait UIInterfaceOrientationPortraitUpsideDown UIInterfaceOrientationLandscapeLeft UIInterfaceOrientationLandscapeRight";
				INFOPLIST_KEY_UISupportedInterfaceOrientations_iPhone = "UIInterfaceOrientationPortrait UIInterfaceOrientationLandscapeLeft UIInterfaceOrientationLandscapeRight";
				IPHONEOS_DEPLOYMENT_TARGET = 13.0;
				LD_RUNPATH_SEARCH_PATHS = (
					"$(inherited)",
					"@executable_path/Frameworks",
				);
				MARKETING_VERSION = 1.0;
				PRODUCT_BUNDLE_IDENTIFIER = ru.Vazhen.TestCamera;
				PRODUCT_NAME = "$(TARGET_NAME)";
				SWIFT_EMIT_LOC_STRINGS = YES;
				SWIFT_VERSION = 5.0;
				TARGETED_DEVICE_FAMILY = 1;
			};
			name = Debug;
		};
		C94657E62860B1E300B85951 /* Release */ = {
			isa = XCBuildConfiguration;
			buildSettings = {
				ASSETCATALOG_COMPILER_APPICON_NAME = AppIcon;
				ASSETCATALOG_COMPILER_GLOBAL_ACCENT_COLOR_NAME = AccentColor;
				CODE_SIGN_STYLE = Automatic;
				CURRENT_PROJECT_VERSION = 1;
				DEVELOPMENT_TEAM = 3TY5U73KTT;
				GENERATE_INFOPLIST_FILE = YES;
				INFOPLIST_FILE = TestCamera/Info.plist;
				INFOPLIST_KEY_UIApplicationSupportsIndirectInputEvents = YES;
				INFOPLIST_KEY_UILaunchStoryboardName = LaunchScreen;
				INFOPLIST_KEY_UIMainStoryboardFile = Main;
				INFOPLIST_KEY_UISupportedInterfaceOrientations = UIInterfaceOrientationPortrait;
				INFOPLIST_KEY_UISupportedInterfaceOrientations_iPad = "UIInterfaceOrientationPortrait UIInterfaceOrientationPortraitUpsideDown UIInterfaceOrientationLandscapeLeft UIInterfaceOrientationLandscapeRight";
				INFOPLIST_KEY_UISupportedInterfaceOrientations_iPhone = "UIInterfaceOrientationPortrait UIInterfaceOrientationLandscapeLeft UIInterfaceOrientationLandscapeRight";
				IPHONEOS_DEPLOYMENT_TARGET = 13.0;
				LD_RUNPATH_SEARCH_PATHS = (
					"$(inherited)",
					"@executable_path/Frameworks",
				);
				MARKETING_VERSION = 1.0;
				PRODUCT_BUNDLE_IDENTIFIER = ru.Vazhen.TestCamera;
				PRODUCT_NAME = "$(TARGET_NAME)";
				SWIFT_EMIT_LOC_STRINGS = YES;
				SWIFT_VERSION = 5.0;
				TARGETED_DEVICE_FAMILY = 1;
			};
			name = Release;
		};
/* End XCBuildConfiguration section */

/* Begin XCConfigurationList section */
		C94657CB2860B1E200B85951 /* Build configuration list for PBXProject "TestCamera" */ = {
			isa = XCConfigurationList;
			buildConfigurations = (
				C94657E22860B1E300B85951 /* Debug */,
				C94657E32860B1E300B85951 /* Release */,
			);
			defaultConfigurationIsVisible = 0;
			defaultConfigurationName = Release;
		};
		C94657E42860B1E300B85951 /* Build configuration list for PBXNativeTarget "TestCamera" */ = {
			isa = XCConfigurationList;
			buildConfigurations = (
				C94657E52860B1E300B85951 /* Debug */,
				C94657E62860B1E300B85951 /* Release */,
			);
			defaultConfigurationIsVisible = 0;
			defaultConfigurationName = Release;
		};
/* End XCConfigurationList section */
	};
	rootObject = C94657C82860B1E200B85951 /* Project object */;
}
